// !$*UTF8*$!
{
	archiveVersion = 1;
	classes = {
	};
	objectVersion = 50;
	objects = {

/* Begin PBXBuildFile section */
		083E5C2F23B01AF200FEF847 /* MemberTableViewCell.swift in Sources */ = {isa = PBXBuildFile; fileRef = 083E5C2E23B01AF200FEF847 /* MemberTableViewCell.swift */; };
		0884099F23B0CBB9009FF428 /* FriendsController.swift in Sources */ = {isa = PBXBuildFile; fileRef = 0884099E23B0CBB8009FF428 /* FriendsController.swift */; };
		089CEBE023ABE63400DEAA90 /* AppDelegate.swift in Sources */ = {isa = PBXBuildFile; fileRef = 089CEBDF23ABE63400DEAA90 /* AppDelegate.swift */; };
		089CEBE223ABE63400DEAA90 /* SceneDelegate.swift in Sources */ = {isa = PBXBuildFile; fileRef = 089CEBE123ABE63400DEAA90 /* SceneDelegate.swift */; };
		089CEBE423ABE63400DEAA90 /* SocialNetworkController.swift in Sources */ = {isa = PBXBuildFile; fileRef = 089CEBE323ABE63400DEAA90 /* SocialNetworkController.swift */; };
		089CEBE723ABE63400DEAA90 /* Main.storyboard in Resources */ = {isa = PBXBuildFile; fileRef = 089CEBE523ABE63400DEAA90 /* Main.storyboard */; };
		089CEBE923ABE63500DEAA90 /* Assets.xcassets in Resources */ = {isa = PBXBuildFile; fileRef = 089CEBE823ABE63500DEAA90 /* Assets.xcassets */; };
		089CEBEC23ABE63500DEAA90 /* LaunchScreen.storyboard in Resources */ = {isa = PBXBuildFile; fileRef = 089CEBEA23ABE63500DEAA90 /* LaunchScreen.storyboard */; };
		089CEBF423ABE7D300DEAA90 /* data.json in Resources */ = {isa = PBXBuildFile; fileRef = 089CEBF323ABE7D300DEAA90 /* data.json */; };
		089CEBF823ABEB7400DEAA90 /* MemberDataModel.swift in Sources */ = {isa = PBXBuildFile; fileRef = 089CEBF723ABEB7400DEAA90 /* MemberDataModel.swift */; };
		089CEBFA23ABF14700DEAA90 /* DataManager.swift in Sources */ = {isa = PBXBuildFile; fileRef = 089CEBF923ABF14700DEAA90 /* DataManager.swift */; };
/* End PBXBuildFile section */

/* Begin PBXFileReference section */
		083E5C2E23B01AF200FEF847 /* MemberTableViewCell.swift */ = {isa = PBXFileReference; lastKnownFileType = sourcecode.swift; path = MemberTableViewCell.swift; sourceTree = "<group>"; };
		0884099E23B0CBB8009FF428 /* FriendsController.swift */ = {isa = PBXFileReference; lastKnownFileType = sourcecode.swift; path = FriendsController.swift; sourceTree = "<group>"; };
		089CEBDC23ABE63400DEAA90 /* SocialNetworkTest.app */ = {isa = PBXFileReference; explicitFileType = wrapper.application; includeInIndex = 0; path = SocialNetworkTest.app; sourceTree = BUILT_PRODUCTS_DIR; };
		089CEBDF23ABE63400DEAA90 /* AppDelegate.swift */ = {isa = PBXFileReference; lastKnownFileType = sourcecode.swift; path = AppDelegate.swift; sourceTree = "<group>"; };
		089CEBE123ABE63400DEAA90 /* SceneDelegate.swift */ = {isa = PBXFileReference; lastKnownFileType = sourcecode.swift; path = SceneDelegate.swift; sourceTree = "<group>"; };
		089CEBE323ABE63400DEAA90 /* SocialNetworkController.swift */ = {isa = PBXFileReference; lastKnownFileType = sourcecode.swift; path = SocialNetworkController.swift; sourceTree = "<group>"; };
		089CEBE623ABE63400DEAA90 /* Base */ = {isa = PBXFileReference; lastKnownFileType = file.storyboard; name = Base; path = Base.lproj/Main.storyboard; sourceTree = "<group>"; };
		089CEBE823ABE63500DEAA90 /* Assets.xcassets */ = {isa = PBXFileReference; lastKnownFileType = folder.assetcatalog; path = Assets.xcassets; sourceTree = "<group>"; };
		089CEBEB23ABE63500DEAA90 /* Base */ = {isa = PBXFileReference; lastKnownFileType = file.storyboard; name = Base; path = Base.lproj/LaunchScreen.storyboard; sourceTree = "<group>"; };
		089CEBED23ABE63500DEAA90 /* Info.plist */ = {isa = PBXFileReference; lastKnownFileType = text.plist.xml; path = Info.plist; sourceTree = "<group>"; };
		089CEBF323ABE7D300DEAA90 /* data.json */ = {isa = PBXFileReference; fileEncoding = 4; lastKnownFileType = text.json; path = data.json; sourceTree = "<group>"; };
		089CEBF723ABEB7400DEAA90 /* MemberDataModel.swift */ = {isa = PBXFileReference; lastKnownFileType = sourcecode.swift; path = MemberDataModel.swift; sourceTree = "<group>"; };
		089CEBF923ABF14700DEAA90 /* DataManager.swift */ = {isa = PBXFileReference; lastKnownFileType = sourcecode.swift; path = DataManager.swift; sourceTree = "<group>"; };
/* End PBXFileReference section */

/* Begin PBXFrameworksBuildPhase section */
		089CEBD923ABE63400DEAA90 /* Frameworks */ = {
			isa = PBXFrameworksBuildPhase;
			buildActionMask = 2147483647;
			files = (
			);
			runOnlyForDeploymentPostprocessing = 0;
		};
/* End PBXFrameworksBuildPhase section */

/* Begin PBXGroup section */
		089CEBD323ABE63400DEAA90 = {
			isa = PBXGroup;
			children = (
				089CEBDE23ABE63400DEAA90 /* SocialNetworkTest */,
				089CEBDD23ABE63400DEAA90 /* Products */,
			);
			sourceTree = "<group>";
		};
		089CEBDD23ABE63400DEAA90 /* Products */ = {
			isa = PBXGroup;
			children = (
				089CEBDC23ABE63400DEAA90 /* SocialNetworkTest.app */,
			);
			name = Products;
			sourceTree = "<group>";
		};
		089CEBDE23ABE63400DEAA90 /* SocialNetworkTest */ = {
			isa = PBXGroup;
			children = (
				089CEBDF23ABE63400DEAA90 /* AppDelegate.swift */,
				089CEBE123ABE63400DEAA90 /* SceneDelegate.swift */,
				089CEBF523ABEA2D00DEAA90 /* Data Model */,
				089CEBF623ABEA5000DEAA90 /* Social Network Controllers */,
				089CEBED23ABE63500DEAA90 /* Info.plist */,
			);
			path = SocialNetworkTest;
			sourceTree = "<group>";
		};
		089CEBF523ABEA2D00DEAA90 /* Data Model */ = {
			isa = PBXGroup;
			children = (
				089CEBF923ABF14700DEAA90 /* DataManager.swift */,
				089CEBF723ABEB7400DEAA90 /* MemberDataModel.swift */,
				089CEBF323ABE7D300DEAA90 /* data.json */,
			);
			path = "Data Model";
			sourceTree = "<group>";
		};
		089CEBF623ABEA5000DEAA90 /* Social Network Controllers */ = {
			isa = PBXGroup;
			children = (
				089CEBE323ABE63400DEAA90 /* SocialNetworkController.swift */,
				083E5C2E23B01AF200FEF847 /* MemberTableViewCell.swift */,
				0884099E23B0CBB8009FF428 /* FriendsController.swift */,
				089CEBE523ABE63400DEAA90 /* Main.storyboard */,
				089CEBE823ABE63500DEAA90 /* Assets.xcassets */,
				089CEBEA23ABE63500DEAA90 /* LaunchScreen.storyboard */,
			);
			path = "Social Network Controllers";
			sourceTree = "<group>";
		};
/* End PBXGroup section */

/* Begin PBXNativeTarget section */
		089CEBDB23ABE63400DEAA90 /* SocialNetworkTest */ = {
			isa = PBXNativeTarget;
			buildConfigurationList = 089CEBF023ABE63500DEAA90 /* Build configuration list for PBXNativeTarget "SocialNetworkTest" */;
			buildPhases = (
				089CEBD823ABE63400DEAA90 /* Sources */,
				089CEBD923ABE63400DEAA90 /* Frameworks */,
				089CEBDA23ABE63400DEAA90 /* Resources */,
			);
			buildRules = (
			);
			dependencies = (
			);
			name = SocialNetworkTest;
			productName = SocialNetworkTest;
			productReference = 089CEBDC23ABE63400DEAA90 /* SocialNetworkTest.app */;
			productType = "com.apple.product-type.application";
		};
/* End PBXNativeTarget section */

/* Begin PBXProject section */
		089CEBD423ABE63400DEAA90 /* Project object */ = {
			isa = PBXProject;
			attributes = {
				LastSwiftUpdateCheck = 1130;
				LastUpgradeCheck = 1130;
				ORGANIZATIONNAME = "Dragan Milovanovic";
				TargetAttributes = {
					089CEBDB23ABE63400DEAA90 = {
						CreatedOnToolsVersion = 11.3;
					};
				};
			};
			buildConfigurationList = 089CEBD723ABE63400DEAA90 /* Build configuration list for PBXProject "SocialNetworkTest" */;
			compatibilityVersion = "Xcode 9.3";
			developmentRegion = en;
			hasScannedForEncodings = 0;
			knownRegions = (
				en,
				Base,
			);
			mainGroup = 089CEBD323ABE63400DEAA90;
			productRefGroup = 089CEBDD23ABE63400DEAA90 /* Products */;
			projectDirPath = "";
			projectRoot = "";
			targets = (
				089CEBDB23ABE63400DEAA90 /* SocialNetworkTest */,
			);
		};
/* End PBXProject section */

/* Begin PBXResourcesBuildPhase section */
		089CEBDA23ABE63400DEAA90 /* Resources */ = {
			isa = PBXResourcesBuildPhase;
			buildActionMask = 2147483647;
			files = (
				089CEBEC23ABE63500DEAA90 /* LaunchScreen.storyboard in Resources */,
				089CEBE923ABE63500DEAA90 /* Assets.xcassets in Resources */,
				089CEBE723ABE63400DEAA90 /* Main.storyboard in Resources */,
				089CEBF423ABE7D300DEAA90 /* data.json in Resources */,
			);
			runOnlyForDeploymentPostprocessing = 0;
		};
/* End PBXResourcesBuildPhase section */

/* Begin PBXSourcesBuildPhase section */
		089CEBD823ABE63400DEAA90 /* Sources */ = {
			isa = PBXSourcesBuildPhase;
			buildActionMask = 2147483647;
			files = (
				089CEBE423ABE63400DEAA90 /* SocialNetworkController.swift in Sources */,
				083E5C2F23B01AF200FEF847 /* MemberTableViewCell.swift in Sources */,
				089CEBFA23ABF14700DEAA90 /* DataManager.swift in Sources */,
				089CEBE023ABE63400DEAA90 /* AppDelegate.swift in Sources */,
				089CEBE223ABE63400DEAA90 /* SceneDelegate.swift in Sources */,
				0884099F23B0CBB9009FF428 /* FriendsController.swift in Sources */,
				089CEBF823ABEB7400DEAA90 /* MemberDataModel.swift in Sources */,
			);
			runOnlyForDeploymentPostprocessing = 0;
		};
/* End PBXSourcesBuildPhase section */

/* Begin PBXVariantGroup section */
		089CEBE523ABE63400DEAA90 /* Main.storyboard */ = {
			isa = PBXVariantGroup;
			children = (
				089CEBE623ABE63400DEAA90 /* Base */,
			);
			name = Main.storyboard;
			sourceTree = "<group>";
		};
		089CEBEA23ABE63500DEAA90 /* LaunchScreen.storyboard */ = {
			isa = PBXVariantGroup;
			children = (
				089CEBEB23ABE63500DEAA90 /* Base */,
			);
			name = LaunchScreen.storyboard;
			sourceTree = "<group>";
		};
/* End PBXVariantGroup section */

/* Begin XCBuildConfiguration section */
		089CEBEE23ABE63500DEAA90 /* Debug */ = {
			isa = XCBuildConfiguration;
			buildSettings = {
				ALWAYS_SEARCH_USER_PATHS = NO;
				CLANG_ANALYZER_NONNULL = YES;
				CLANG_ANALYZER_NUMBER_OBJECT_CONVERSION = YES_AGGRESSIVE;
				CLANG_CXX_LANGUAGE_STANDARD = "gnu++14";
				CLANG_CXX_LIBRARY = "libc++";
				CLANG_ENABLE_MODULES = YES;
				CLANG_ENABLE_OBJC_ARC = YES;
				CLANG_ENABLE_OBJC_WEAK = YES;
				CLANG_WARN_BLOCK_CAPTURE_AUTORELEASING = YES;
				CLANG_WARN_BOOL_CONVERSION = YES;
				CLANG_WARN_COMMA = YES;
				CLANG_WARN_CONSTANT_CONVERSION = YES;
				CLANG_WARN_DEPRECATED_OBJC_IMPLEMENTATIONS = YES;
				CLANG_WARN_DIRECT_OBJC_ISA_USAGE = YES_ERROR;
				CLANG_WARN_DOCUMENTATION_COMMENTS = YES;
				CLANG_WARN_EMPTY_BODY = YES;
				CLANG_WARN_ENUM_CONVERSION = YES;
				CLANG_WARN_INFINITE_RECURSION = YES;
				CLANG_WARN_INT_CONVERSION = YES;
				CLANG_WARN_NON_LITERAL_NULL_CONVERSION = YES;
				CLANG_WARN_OBJC_IMPLICIT_RETAIN_SELF = YES;
				CLANG_WARN_OBJC_LITERAL_CONVERSION = YES;
				CLANG_WARN_OBJC_ROOT_CLASS = YES_ERROR;
				CLANG_WARN_RANGE_LOOP_ANALYSIS = YES;
				CLANG_WARN_STRICT_PROTOTYPES = YES;
				CLANG_WARN_SUSPICIOUS_MOVE = YES;
				CLANG_WARN_UNGUARDED_AVAILABILITY = YES_AGGRESSIVE;
				CLANG_WARN_UNREACHABLE_CODE = YES;
				CLANG_WARN__DUPLICATE_METHOD_MATCH = YES;
				COPY_PHASE_STRIP = NO;
				DEBUG_INFORMATION_FORMAT = dwarf;
				ENABLE_STRICT_OBJC_MSGSEND = YES;
				ENABLE_TESTABILITY = YES;
				GCC_C_LANGUAGE_STANDARD = gnu11;
				GCC_DYNAMIC_NO_PIC = NO;
				GCC_NO_COMMON_BLOCKS = YES;
				GCC_OPTIMIZATION_LEVEL = 0;
				GCC_PREPROCESSOR_DEFINITIONS = (
					"DEBUG=1",
					"$(inherited)",
				);
				GCC_WARN_64_TO_32_BIT_CONVERSION = YES;
				GCC_WARN_ABOUT_RETURN_TYPE = YES_ERROR;
				GCC_WARN_UNDECLARED_SELECTOR = YES;
				GCC_WARN_UNINITIALIZED_AUTOS = YES_AGGRESSIVE;
				GCC_WARN_UNUSED_FUNCTION = YES;
				GCC_WARN_UNUSED_VARIABLE = YES;
				IPHONEOS_DEPLOYMENT_TARGET = 13.2;
				MTL_ENABLE_DEBUG_INFO = INCLUDE_SOURCE;
				MTL_FAST_MATH = YES;
				ONLY_ACTIVE_ARCH = YES;
				SDKROOT = iphoneos;
				SWIFT_ACTIVE_COMPILATION_CONDITIONS = DEBUG;
				SWIFT_OPTIMIZATION_LEVEL = "-Onone";
			};
			name = Debug;
		};
		089CEBEF23ABE63500DEAA90 /* Release */ = {
			isa = XCBuildConfiguration;
			buildSettings = {
				ALWAYS_SEARCH_USER_PATHS = NO;
				CLANG_ANALYZER_NONNULL = YES;
				CLANG_ANALYZER_NUMBER_OBJECT_CONVERSION = YES_AGGRESSIVE;
				CLANG_CXX_LANGUAGE_STANDARD = "gnu++14";
				CLANG_CXX_LIBRARY = "libc++";
				CLANG_ENABLE_MODULES = YES;
				CLANG_ENABLE_OBJC_ARC = YES;
				CLANG_ENABLE_OBJC_WEAK = YES;
				CLANG_WARN_BLOCK_CAPTURE_AUTORELEASING = YES;
				CLANG_WARN_BOOL_CONVERSION = YES;
				CLANG_WARN_COMMA = YES;
				CLANG_WARN_CONSTANT_CONVERSION = YES;
				CLANG_WARN_DEPRECATED_OBJC_IMPLEMENTATIONS = YES;
				CLANG_WARN_DIRECT_OBJC_ISA_USAGE = YES_ERROR;
				CLANG_WARN_DOCUMENTATION_COMMENTS = YES;
				CLANG_WARN_EMPTY_BODY = YES;
				CLANG_WARN_ENUM_CONVERSION = YES;
				CLANG_WARN_INFINITE_RECURSION = YES;
				CLANG_WARN_INT_CONVERSION = YES;
				CLANG_WARN_NON_LITERAL_NULL_CONVERSION = YES;
				CLANG_WARN_OBJC_IMPLICIT_RETAIN_SELF = YES;
				CLANG_WARN_OBJC_LITERAL_CONVERSION = YES;
				CLANG_WARN_OBJC_ROOT_CLASS = YES_ERROR;
				CLANG_WARN_RANGE_LOOP_ANALYSIS = YES;
				CLANG_WARN_STRICT_PROTOTYPES = YES;
				CLANG_WARN_SUSPICIOUS_MOVE = YES;
				CLANG_WARN_UNGUARDED_AVAILABILITY = YES_AGGRESSIVE;
				CLANG_WARN_UNREACHABLE_CODE = YES;
				CLANG_WARN__DUPLICATE_METHOD_MATCH = YES;
				COPY_PHASE_STRIP = NO;
				DEBUG_INFORMATION_FORMAT = "dwarf-with-dsym";
				ENABLE_NS_ASSERTIONS = NO;
				ENABLE_STRICT_OBJC_MSGSEND = YES;
				GCC_C_LANGUAGE_STANDARD = gnu11;
				GCC_NO_COMMON_BLOCKS = YES;
				GCC_WARN_64_TO_32_BIT_CONVERSION = YES;
				GCC_WARN_ABOUT_RETURN_TYPE = YES_ERROR;
				GCC_WARN_UNDECLARED_SELECTOR = YES;
				GCC_WARN_UNINITIALIZED_AUTOS = YES_AGGRESSIVE;
				GCC_WARN_UNUSED_FUNCTION = YES;
				GCC_WARN_UNUSED_VARIABLE = YES;
				IPHONEOS_DEPLOYMENT_TARGET = 13.2;
				MTL_ENABLE_DEBUG_INFO = NO;
				MTL_FAST_MATH = YES;
				SDKROOT = iphoneos;
				SWIFT_COMPILATION_MODE = wholemodule;
				SWIFT_OPTIMIZATION_LEVEL = "-O";
				VALIDATE_PRODUCT = YES;
			};
			name = Release;
		};
		089CEBF123ABE63500DEAA90 /* Debug */ = {
			isa = XCBuildConfiguration;
			buildSettings = {
				ASSETCATALOG_COMPILER_APPICON_NAME = AppIcon;
				CODE_SIGN_STYLE = Automatic;
				DEVELOPMENT_TEAM = 8CT3E34VGG;
				INFOPLIST_FILE = SocialNetworkTest/Info.plist;
				LD_RUNPATH_SEARCH_PATHS = (
					"$(inherited)",
					"@executable_path/Frameworks",
				);
				PRODUCT_BUNDLE_IDENTIFIER = com.dmilovanovic.SocialNetworkTest;
				PRODUCT_NAME = "$(TARGET_NAME)";
				SWIFT_VERSION = 5.0;
				TARGETED_DEVICE_FAMILY = "1,2";
			};
			name = Debug;
		};
		089CEBF223ABE63500DEAA90 /* Release */ = {
			isa = XCBuildConfiguration;
			buildSettings = {
				ASSETCATALOG_COMPILER_APPICON_NAME = AppIcon;
				CODE_SIGN_STYLE = Automatic;
				DEVELOPMENT_TEAM = 8CT3E34VGG;
				INFOPLIST_FILE = SocialNetworkTest/Info.plist;
				LD_RUNPATH_SEARCH_PATHS = (
					"$(inherited)",
					"@executable_path/Frameworks",
				);
				PRODUCT_BUNDLE_IDENTIFIER = com.dmilovanovic.SocialNetworkTest;
				PRODUCT_NAME = "$(TARGET_NAME)";
				SWIFT_VERSION = 5.0;
				TARGETED_DEVICE_FAMILY = "1,2";
			};
			name = Release;
		};
/* End XCBuildConfiguration section */

/* Begin XCConfigurationList section */
		089CEBD723ABE63400DEAA90 /* Build configuration list for PBXProject "SocialNetworkTest" */ = {
			isa = XCConfigurationList;
			buildConfigurations = (
				089CEBEE23ABE63500DEAA90 /* Debug */,
				089CEBEF23ABE63500DEAA90 /* Release */,
			);
			defaultConfigurationIsVisible = 0;
			defaultConfigurationName = Release;
		};
		089CEBF023ABE63500DEAA90 /* Build configuration list for PBXNativeTarget "SocialNetworkTest" */ = {
			isa = XCConfigurationList;
			buildConfigurations = (
				089CEBF123ABE63500DEAA90 /* Debug */,
				089CEBF223ABE63500DEAA90 /* Release */,
			);
			defaultConfigurationIsVisible = 0;
			defaultConfigurationName = Release;
		};
/* End XCConfigurationList section */
	};
	rootObject = 089CEBD423ABE63400DEAA90 /* Project object */;
}
